
Microsoft Visual Studio Solution File, Format Version 12.00
# Visual Studio Version 17
VisualStudioVersion = 17.0.31903.59
MinimumVisualStudioVersion = 10.0.40219.1
Project("{FAE04EC0-301F-11D3-BF4B-00C04F79EFBC}") = "RightSize", "RightSize\RightSize.csproj", "{73833FE5-E7E6-457E-BBE5-964ABE7AC36C}"
EndProject
Project("{FAE04EC0-301F-11D3-BF4B-00C04F79EFBC}") = "ChangeString", "ChangeString\ChangeString.csproj", "{88313BE5-6DFF-4D5F-9C4C-6D04F84D26CC}"
EndProject
Project("{FAE04EC0-301F-11D3-BF4B-00C04F79EFBC}") = "ArrayMult", "ArrayMult\ArrayMult.csproj", "{782F23EC-7FB0-494D-B490-316CEBB463EE}"
EndProject
Project("{FAE04EC0-301F-11D3-BF4B-00C04F79EFBC}") = "HeroPerks", "HeroPerks\HeroPerks.csproj", "{58A72DCA-8667-4F59-86B9-1B4913C16C96}"
EndProject
Project("{FAE04EC0-301F-11D3-BF4B-00C04F79EFBC}") = "PowTwoUntil", "PowTwoUntil\PowTwoUntil.csproj", "{02B1B20C-6EFA-45FD-9DAA-3C38AF279B30}"
EndProject
Project("{FAE04EC0-301F-11D3-BF4B-00C04F79EFBC}") = "RPS", "RPS\RPS.csproj", "{A4D0AC4E-54FE-4F91-9B3E-FC96F7853AF4}"
EndProject
Project("{FAE04EC0-301F-11D3-BF4B-00C04F79EFBC}") = "FamousQuotes", "FamousQuotes\FamousQuotes.csproj", "{58B0A6E0-4E49-4362-A646-3DA25C1DE92F}"
EndProject
Global
	GlobalSection(SolutionConfigurationPlatforms) = preSolution
		Debug|Any CPU = Debug|Any CPU
		Release|Any CPU = Release|Any CPU
	EndGlobalSection
	GlobalSection(SolutionProperties) = preSolution
		HideSolutionNode = FALSE
	EndGlobalSection
	GlobalSection(ProjectConfigurationPlatforms) = postSolution
		{73833FE5-E7E6-457E-BBE5-964ABE7AC36C}.Debug|Any CPU.ActiveCfg = Debug|Any CPU
		{73833FE5-E7E6-457E-BBE5-964ABE7AC36C}.Debug|Any CPU.Build.0 = Debug|Any CPU
		{73833FE5-E7E6-457E-BBE5-964ABE7AC36C}.Release|Any CPU.ActiveCfg = Release|Any CPU
		{73833FE5-E7E6-457E-BBE5-964ABE7AC36C}.Release|Any CPU.Build.0 = Release|Any CPU
		{88313BE5-6DFF-4D5F-9C4C-6D04F84D26CC}.Debug|Any CPU.ActiveCfg = Debug|Any CPU
		{88313BE5-6DFF-4D5F-9C4C-6D04F84D26CC}.Debug|Any CPU.Build.0 = Debug|Any CPU
		{88313BE5-6DFF-4D5F-9C4C-6D04F84D26CC}.Release|Any CPU.ActiveCfg = Release|Any CPU
		{88313BE5-6DFF-4D5F-9C4C-6D04F84D26CC}.Release|Any CPU.Build.0 = Release|Any CPU
		{782F23EC-7FB0-494D-B490-316CEBB463EE}.Debug|Any CPU.ActiveCfg = Debug|Any CPU
		{782F23EC-7FB0-494D-B490-316CEBB463EE}.Debug|Any CPU.Build.0 = Debug|Any CPU
		{782F23EC-7FB0-494D-B490-316CEBB463EE}.Release|Any CPU.ActiveCfg = Release|Any CPU
		{782F23EC-7FB0-494D-B490-316CEBB463EE}.Release|Any CPU.Build.0 = Release|Any CPU
		{58A72DCA-8667-4F59-86B9-1B4913C16C96}.Debug|Any CPU.ActiveCfg = Debug|Any CPU
		{58A72DCA-8667-4F59-86B9-1B4913C16C96}.Debug|Any CPU.Build.0 = Debug|Any CPU
		{58A72DCA-8667-4F59-86B9-1B4913C16C96}.Release|Any CPU.ActiveCfg = Release|Any CPU
		{58A72DCA-8667-4F59-86B9-1B4913C16C96}.Release|Any CPU.Build.0 = Release|Any CPU
		{02B1B20C-6EFA-45FD-9DAA-3C38AF279B30}.Debug|Any CPU.ActiveCfg = Debug|Any CPU
		{02B1B20C-6EFA-45FD-9DAA-3C38AF279B30}.Debug|Any CPU.Build.0 = Debug|Any CPU
		{02B1B20C-6EFA-45FD-9DAA-3C38AF279B30}.Release|Any CPU.ActiveCfg = Release|Any CPU
		{02B1B20C-6EFA-45FD-9DAA-3C38AF279B30}.Release|Any CPU.Build.0 = Release|Any CPU
		{A4D0AC4E-54FE-4F91-9B3E-FC96F7853AF4}.Debug|Any CPU.ActiveCfg = Debug|Any CPU
		{A4D0AC4E-54FE-4F91-9B3E-FC96F7853AF4}.Debug|Any CPU.Build.0 = Debug|Any CPU
		{A4D0AC4E-54FE-4F91-9B3E-FC96F7853AF4}.Release|Any CPU.ActiveCfg = Release|Any CPU
		{A4D0AC4E-54FE-4F91-9B3E-FC96F7853AF4}.Release|Any CPU.Build.0 = Release|Any CPU
		{58B0A6E0-4E49-4362-A646-3DA25C1DE92F}.Debug|Any CPU.ActiveCfg = Debug|Any CPU
		{58B0A6E0-4E49-4362-A646-3DA25C1DE92F}.Debug|Any CPU.Build.0 = Debug|Any CPU
		{58B0A6E0-4E49-4362-A646-3DA25C1DE92F}.Release|Any CPU.ActiveCfg = Release|Any CPU
		{58B0A6E0-4E49-4362-A646-3DA25C1DE92F}.Release|Any CPU.Build.0 = Release|Any CPU
	EndGlobalSection
EndGlobal
